
Microsoft Visual Studio Solution File, Format Version 12.00
Project("{FAE04EC0-301F-11D3-BF4B-00C04F79EFBC}") = "Presentacion", "Presentacion\Presentacion.csproj", "{12344F1A-BF09-468B-A027-9676CE4EF90B}"
EndProject
Project("{FAE04EC0-301F-11D3-BF4B-00C04F79EFBC}") = "BusinessLogic", "BusinessLogic\BusinessLogic.csproj", "{1CAF757B-E8C0-4991-92D5-19005C510899}"
EndProject
Global
	GlobalSection(SolutionConfigurationPlatforms) = preSolution
		Debug|Any CPU = Debug|Any CPU
		Release|Any CPU = Release|Any CPU
	EndGlobalSection
	GlobalSection(ProjectConfigurationPlatforms) = postSolution
		{12344F1A-BF09-468B-A027-9676CE4EF90B}.Debug|Any CPU.ActiveCfg = Debug|Any CPU
		{12344F1A-BF09-468B-A027-9676CE4EF90B}.Debug|Any CPU.Build.0 = Debug|Any CPU
		{12344F1A-BF09-468B-A027-9676CE4EF90B}.Release|Any CPU.ActiveCfg = Release|Any CPU
		{12344F1A-BF09-468B-A027-9676CE4EF90B}.Release|Any CPU.Build.0 = Release|Any CPU
		{1CAF757B-E8C0-4991-92D5-19005C510899}.Debug|Any CPU.ActiveCfg = Debug|Any CPU
		{1CAF757B-E8C0-4991-92D5-19005C510899}.Debug|Any CPU.Build.0 = Debug|Any CPU
		{1CAF757B-E8C0-4991-92D5-19005C510899}.Release|Any CPU.ActiveCfg = Release|Any CPU
		{1CAF757B-E8C0-4991-92D5-19005C510899}.Release|Any CPU.Build.0 = Release|Any CPU
	EndGlobalSection
EndGlobal
